
Microsoft Visual Studio Solution File, Format Version 12.00
# Visual Studio 14
VisualStudioVersion = 14.0.25420.1
MinimumVisualStudioVersion = 10.0.40219.1
Project("{FAE04EC0-301F-11D3-BF4B-00C04F79EFBC}") = "Connection360.Web", "Connection360.Web\Connection360.Web.csproj", "{085C424E-676B-4D29-B18A-75912F2B258E}"
EndProject
Project("{FAE04EC0-301F-11D3-BF4B-00C04F79EFBC}") = "Connection360.Web.Tests", "Connection360.Web.Tests\Connection360.Web.Tests.csproj", "{929187D1-7AFD-48FF-BAAA-F933EE3EAA4B}"
EndProject
Project("{2150E333-8FDC-42A3-9474-1A3956D46DE8}") = "Uploads", "Uploads", "{9AFAD992-77FD-4699-8C34-B53147BAA8E1}"
EndProject
Project("{2150E333-8FDC-42A3-9474-1A3956D46DE8}") = "Pictures", "Pictures", "{7F11C6F1-46DB-406D-9AFC-B6D57EB0A42B}"
EndProject
Global
	GlobalSection(SolutionConfigurationPlatforms) = preSolution
		Debug|Any CPU = Debug|Any CPU
		Release|Any CPU = Release|Any CPU
	EndGlobalSection
	GlobalSection(ProjectConfigurationPlatforms) = postSolution
		{085C424E-676B-4D29-B18A-75912F2B258E}.Debug|Any CPU.ActiveCfg = Debug|Any CPU
		{085C424E-676B-4D29-B18A-75912F2B258E}.Debug|Any CPU.Build.0 = Debug|Any CPU
		{085C424E-676B-4D29-B18A-75912F2B258E}.Release|Any CPU.ActiveCfg = Release|Any CPU
		{085C424E-676B-4D29-B18A-75912F2B258E}.Release|Any CPU.Build.0 = Release|Any CPU
		{929187D1-7AFD-48FF-BAAA-F933EE3EAA4B}.Debug|Any CPU.ActiveCfg = Debug|Any CPU
		{929187D1-7AFD-48FF-BAAA-F933EE3EAA4B}.Debug|Any CPU.Build.0 = Debug|Any CPU
		{929187D1-7AFD-48FF-BAAA-F933EE3EAA4B}.Release|Any CPU.ActiveCfg = Release|Any CPU
		{929187D1-7AFD-48FF-BAAA-F933EE3EAA4B}.Release|Any CPU.Build.0 = Release|Any CPU
	EndGlobalSection
	GlobalSection(SolutionProperties) = preSolution
		HideSolutionNode = FALSE
	EndGlobalSection
	GlobalSection(NestedProjects) = preSolution
		{7F11C6F1-46DB-406D-9AFC-B6D57EB0A42B} = {9AFAD992-77FD-4699-8C34-B53147BAA8E1}
	EndGlobalSection
EndGlobal
